
Microsoft Visual Studio Solution File, Format Version 12.00
# Visual Studio Version 16
VisualStudioVersion = 16.0.31410.357
MinimumVisualStudioVersion = 10.0.40219.1
Project("{9A19103F-16F7-4668-BE54-9A1E7A4F7556}") = "NumberGuessingGame", "NumberGuessingGame.csproj", "{C6F626C2-C810-4E59-8617-961A47FCB89F}"
EndProject
Global
	GlobalSection(SolutionConfigurationPlatforms) = preSolution
		Debug|Any CPU = Debug|Any CPU
		Release|Any CPU = Release|Any CPU
	EndGlobalSection
	GlobalSection(ProjectConfigurationPlatforms) = postSolution
		{C6F626C2-C810-4E59-8617-961A47FCB89F}.Debug|Any CPU.ActiveCfg = Debug|Any CPU
		{C6F626C2-C810-4E59-8617-961A47FCB89F}.Debug|Any CPU.Build.0 = Debug|Any CPU
		{C6F626C2-C810-4E59-8617-961A47FCB89F}.Release|Any CPU.ActiveCfg = Release|Any CPU
		{C6F626C2-C810-4E59-8617-961A47FCB89F}.Release|Any CPU.Build.0 = Release|Any CPU
	EndGlobalSection
	GlobalSection(SolutionProperties) = preSolution
		HideSolutionNode = FALSE
	EndGlobalSection
	GlobalSection(ExtensibilityGlobals) = postSolution
		SolutionGuid = {2C5A3F2C-DEC4-42DA-9BDD-CAB76F55F69B}
	EndGlobalSection
EndGlobal
